// !$*UTF8*$!
{
	archiveVersion = 1;
	classes = {
	};
	objectVersion = 50;
	objects = {

/* Begin PBXBuildFile section */
		ACD4C2CA2379557E00F31A4A /* AppDelegate.swift in Sources */ = {isa = PBXBuildFile; fileRef = ACD4C2C92379557E00F31A4A /* AppDelegate.swift */; };
		ACD4C2CC2379557E00F31A4A /* SceneDelegate.swift in Sources */ = {isa = PBXBuildFile; fileRef = ACD4C2CB2379557E00F31A4A /* SceneDelegate.swift */; };
		ACD4C2D12379557E00F31A4A /* Main.storyboard in Resources */ = {isa = PBXBuildFile; fileRef = ACD4C2CF2379557E00F31A4A /* Main.storyboard */; };
		ACD4C2D32379558A00F31A4A /* Assets.xcassets in Resources */ = {isa = PBXBuildFile; fileRef = ACD4C2D22379558A00F31A4A /* Assets.xcassets */; };
		ACD4C2D62379558A00F31A4A /* LaunchScreen.storyboard in Resources */ = {isa = PBXBuildFile; fileRef = ACD4C2D42379558A00F31A4A /* LaunchScreen.storyboard */; };
		ACD4C2DE237955F800F31A4A /* MovieListTableViewController.swift in Sources */ = {isa = PBXBuildFile; fileRef = ACD4C2DD237955F800F31A4A /* MovieListTableViewController.swift */; };
		ACD4C2E02379563200F31A4A /* DetailViewController.swift in Sources */ = {isa = PBXBuildFile; fileRef = ACD4C2DF2379563200F31A4A /* DetailViewController.swift */; };
		ACD4C2E52379A98700F31A4A /* Movie.swift in Sources */ = {isa = PBXBuildFile; fileRef = ACD4C2E42379A98700F31A4A /* Movie.swift */; };
		ACD4C2EB2379AA6900F31A4A /* DataManager.swift in Sources */ = {isa = PBXBuildFile; fileRef = ACD4C2EA2379AA6900F31A4A /* DataManager.swift */; };
/* End PBXBuildFile section */

/* Begin PBXFileReference section */
		ACD4C2C62379557E00F31A4A /* MovieList.app */ = {isa = PBXFileReference; explicitFileType = wrapper.application; includeInIndex = 0; path = MovieList.app; sourceTree = BUILT_PRODUCTS_DIR; };
		ACD4C2C92379557E00F31A4A /* AppDelegate.swift */ = {isa = PBXFileReference; lastKnownFileType = sourcecode.swift; path = AppDelegate.swift; sourceTree = "<group>"; };
		ACD4C2CB2379557E00F31A4A /* SceneDelegate.swift */ = {isa = PBXFileReference; lastKnownFileType = sourcecode.swift; path = SceneDelegate.swift; sourceTree = "<group>"; };
		ACD4C2D02379557E00F31A4A /* Base */ = {isa = PBXFileReference; lastKnownFileType = file.storyboard; name = Base; path = Base.lproj/Main.storyboard; sourceTree = "<group>"; };
		ACD4C2D22379558A00F31A4A /* Assets.xcassets */ = {isa = PBXFileReference; lastKnownFileType = folder.assetcatalog; path = Assets.xcassets; sourceTree = "<group>"; };
		ACD4C2D52379558A00F31A4A /* Base */ = {isa = PBXFileReference; lastKnownFileType = file.storyboard; name = Base; path = Base.lproj/LaunchScreen.storyboard; sourceTree = "<group>"; };
		ACD4C2D72379558A00F31A4A /* Info.plist */ = {isa = PBXFileReference; lastKnownFileType = text.plist.xml; path = Info.plist; sourceTree = "<group>"; };
		ACD4C2DD237955F800F31A4A /* MovieListTableViewController.swift */ = {isa = PBXFileReference; lastKnownFileType = sourcecode.swift; path = MovieListTableViewController.swift; sourceTree = "<group>"; };
		ACD4C2DF2379563200F31A4A /* DetailViewController.swift */ = {isa = PBXFileReference; lastKnownFileType = sourcecode.swift; path = DetailViewController.swift; sourceTree = "<group>"; };
		ACD4C2E42379A98700F31A4A /* Movie.swift */ = {isa = PBXFileReference; lastKnownFileType = sourcecode.swift; path = Movie.swift; sourceTree = "<group>"; };
		ACD4C2EA2379AA6900F31A4A /* DataManager.swift */ = {isa = PBXFileReference; lastKnownFileType = sourcecode.swift; path = DataManager.swift; sourceTree = "<group>"; };
/* End PBXFileReference section */

/* Begin PBXFrameworksBuildPhase section */
		ACD4C2C32379557E00F31A4A /* Frameworks */ = {
			isa = PBXFrameworksBuildPhase;
			buildActionMask = 2147483647;
			files = (
			);
			runOnlyForDeploymentPostprocessing = 0;
		};
/* End PBXFrameworksBuildPhase section */

/* Begin PBXGroup section */
		ACD4C2BD2379557E00F31A4A = {
			isa = PBXGroup;
			children = (
				ACD4C2C82379557E00F31A4A /* MovieList */,
				ACD4C2C72379557E00F31A4A /* Products */,
			);
			sourceTree = "<group>";
		};
		ACD4C2C72379557E00F31A4A /* Products */ = {
			isa = PBXGroup;
			children = (
				ACD4C2C62379557E00F31A4A /* MovieList.app */,
			);
			name = Products;
			sourceTree = "<group>";
		};
		ACD4C2C82379557E00F31A4A /* MovieList */ = {
			isa = PBXGroup;
			children = (
				ACD4C2E12379A90B00F31A4A /* Delegates */,
				ACD4C2E92379AA4300F31A4A /* DataManager */,
				ACD4C2E62379A99600F31A4A /* Model */,
				ACD4C2E22379A92E00F31A4A /* Views */,
				ACD4C2E32379A94700F31A4A /* Controllers */,
				ACD4C2D22379558A00F31A4A /* Assets.xcassets */,
				ACD4C2D72379558A00F31A4A /* Info.plist */,
			);
			path = MovieList;
			sourceTree = "<group>";
		};
		ACD4C2E12379A90B00F31A4A /* Delegates */ = {
			isa = PBXGroup;
			children = (
				ACD4C2C92379557E00F31A4A /* AppDelegate.swift */,
				ACD4C2CB2379557E00F31A4A /* SceneDelegate.swift */,
			);
			path = Delegates;
			sourceTree = "<group>";
		};
		ACD4C2E22379A92E00F31A4A /* Views */ = {
			isa = PBXGroup;
			children = (
				ACD4C2D42379558A00F31A4A /* LaunchScreen.storyboard */,
				ACD4C2CF2379557E00F31A4A /* Main.storyboard */,
			);
			path = Views;
			sourceTree = "<group>";
		};
		ACD4C2E32379A94700F31A4A /* Controllers */ = {
			isa = PBXGroup;
			children = (
				ACD4C2DD237955F800F31A4A /* MovieListTableViewController.swift */,
				ACD4C2DF2379563200F31A4A /* DetailViewController.swift */,
			);
			path = Controllers;
			sourceTree = "<group>";
		};
		ACD4C2E62379A99600F31A4A /* Model */ = {
			isa = PBXGroup;
			children = (
				ACD4C2E42379A98700F31A4A /* Movie.swift */,
			);
			path = Model;
			sourceTree = "<group>";
		};
		ACD4C2E92379AA4300F31A4A /* DataManager */ = {
			isa = PBXGroup;
			children = (
				ACD4C2EA2379AA6900F31A4A /* DataManager.swift */,
			);
			path = DataManager;
			sourceTree = "<group>";
		};
/* End PBXGroup section */

/* Begin PBXNativeTarget section */
		ACD4C2C52379557E00F31A4A /* MovieList */ = {
			isa = PBXNativeTarget;
			buildConfigurationList = ACD4C2DA2379558A00F31A4A /* Build configuration list for PBXNativeTarget "MovieList" */;
			buildPhases = (
				ACD4C2C22379557E00F31A4A /* Sources */,
				ACD4C2C32379557E00F31A4A /* Frameworks */,
				ACD4C2C42379557E00F31A4A /* Resources */,
			);
			buildRules = (
			);
			dependencies = (
			);
			name = MovieList;
			productName = MovieList;
			productReference = ACD4C2C62379557E00F31A4A /* MovieList.app */;
			productType = "com.apple.product-type.application";
		};
/* End PBXNativeTarget section */

/* Begin PBXProject section */
		ACD4C2BE2379557E00F31A4A /* Project object */ = {
			isa = PBXProject;
			attributes = {
				LastSwiftUpdateCheck = 1110;
				LastUpgradeCheck = 1110;
				ORGANIZATIONNAME = "Artjoms Vorona";
				TargetAttributes = {
					ACD4C2C52379557E00F31A4A = {
						CreatedOnToolsVersion = 11.1;
					};
				};
			};
			buildConfigurationList = ACD4C2C12379557E00F31A4A /* Build configuration list for PBXProject "MovieList" */;
			compatibilityVersion = "Xcode 9.3";
			developmentRegion = en;
			hasScannedForEncodings = 0;
			knownRegions = (
				en,
				Base,
			);
			mainGroup = ACD4C2BD2379557E00F31A4A;
			productRefGroup = ACD4C2C72379557E00F31A4A /* Products */;
			projectDirPath = "";
			projectRoot = "";
			targets = (
				ACD4C2C52379557E00F31A4A /* MovieList */,
			);
		};
/* End PBXProject section */

/* Begin PBXResourcesBuildPhase section */
		ACD4C2C42379557E00F31A4A /* Resources */ = {
			isa = PBXResourcesBuildPhase;
			buildActionMask = 2147483647;
			files = (
				ACD4C2D62379558A00F31A4A /* LaunchScreen.storyboard in Resources */,
				ACD4C2D32379558A00F31A4A /* Assets.xcassets in Resources */,
				ACD4C2D12379557E00F31A4A /* Main.storyboard in Resources */,
			);
			runOnlyForDeploymentPostprocessing = 0;
		};
/* End PBXResourcesBuildPhase section */

/* Begin PBXSourcesBuildPhase section */
		ACD4C2C22379557E00F31A4A /* Sources */ = {
			isa = PBXSourcesBuildPhase;
			buildActionMask = 2147483647;
			files = (
				ACD4C2DE237955F800F31A4A /* MovieListTableViewController.swift in Sources */,
				ACD4C2EB2379AA6900F31A4A /* DataManager.swift in Sources */,
				ACD4C2CA2379557E00F31A4A /* AppDelegate.swift in Sources */,
				ACD4C2CC2379557E00F31A4A /* SceneDelegate.swift in Sources */,
				ACD4C2E02379563200F31A4A /* DetailViewController.swift in Sources */,
				ACD4C2E52379A98700F31A4A /* Movie.swift in Sources */,
			);
			runOnlyForDeploymentPostprocessing = 0;
		};
/* End PBXSourcesBuildPhase section */

/* Begin PBXVariantGroup section */
		ACD4C2CF2379557E00F31A4A /* Main.storyboard */ = {
			isa = PBXVariantGroup;
			children = (
				ACD4C2D02379557E00F31A4A /* Base */,
			);
			name = Main.storyboard;
			sourceTree = "<group>";
		};
		ACD4C2D42379558A00F31A4A /* LaunchScreen.storyboard */ = {
			isa = PBXVariantGroup;
			children = (
				ACD4C2D52379558A00F31A4A /* Base */,
			);
			name = LaunchScreen.storyboard;
			sourceTree = "<group>";
		};
/* End PBXVariantGroup section */

/* Begin XCBuildConfiguration section */
		ACD4C2D82379558A00F31A4A /* Debug */ = {
			isa = XCBuildConfiguration;
			buildSettings = {
				ALWAYS_SEARCH_USER_PATHS = NO;
				CLANG_ANALYZER_NONNULL = YES;
				CLANG_ANALYZER_NUMBER_OBJECT_CONVERSION = YES_AGGRESSIVE;
				CLANG_CXX_LANGUAGE_STANDARD = "gnu++14";
				CLANG_CXX_LIBRARY = "libc++";
				CLANG_ENABLE_MODULES = YES;
				CLANG_ENABLE_OBJC_ARC = YES;
				CLANG_ENABLE_OBJC_WEAK = YES;
				CLANG_WARN_BLOCK_CAPTURE_AUTORELEASING = YES;
				CLANG_WARN_BOOL_CONVERSION = YES;
				CLANG_WARN_COMMA = YES;
				CLANG_WARN_CONSTANT_CONVERSION = YES;
				CLANG_WARN_DEPRECATED_OBJC_IMPLEMENTATIONS = YES;
				CLANG_WARN_DIRECT_OBJC_ISA_USAGE = YES_ERROR;
				CLANG_WARN_DOCUMENTATION_COMMENTS = YES;
				CLANG_WARN_EMPTY_BODY = YES;
				CLANG_WARN_ENUM_CONVERSION = YES;
				CLANG_WARN_INFINITE_RECURSION = YES;
				CLANG_WARN_INT_CONVERSION = YES;
				CLANG_WARN_NON_LITERAL_NULL_CONVERSION = YES;
				CLANG_WARN_OBJC_IMPLICIT_RETAIN_SELF = YES;
				CLANG_WARN_OBJC_LITERAL_CONVERSION = YES;
				CLANG_WARN_OBJC_ROOT_CLASS = YES_ERROR;
				CLANG_WARN_RANGE_LOOP_ANALYSIS = YES;
				CLANG_WARN_STRICT_PROTOTYPES = YES;
				CLANG_WARN_SUSPICIOUS_MOVE = YES;
				CLANG_WARN_UNGUARDED_AVAILABILITY = YES_AGGRESSIVE;
				CLANG_WARN_UNREACHABLE_CODE = YES;
				CLANG_WARN__DUPLICATE_METHOD_MATCH = YES;
				COPY_PHASE_STRIP = NO;
				DEBUG_INFORMATION_FORMAT = dwarf;
				ENABLE_STRICT_OBJC_MSGSEND = YES;
				ENABLE_TESTABILITY = YES;
				GCC_C_LANGUAGE_STANDARD = gnu11;
				GCC_DYNAMIC_NO_PIC = NO;
				GCC_NO_COMMON_BLOCKS = YES;
				GCC_OPTIMIZATION_LEVEL = 0;
				GCC_PREPROCESSOR_DEFINITIONS = (
					"DEBUG=1",
					"$(inherited)",
				);
				GCC_WARN_64_TO_32_BIT_CONVERSION = YES;
				GCC_WARN_ABOUT_RETURN_TYPE = YES_ERROR;
				GCC_WARN_UNDECLARED_SELECTOR = YES;
				GCC_WARN_UNINITIALIZED_AUTOS = YES_AGGRESSIVE;
				GCC_WARN_UNUSED_FUNCTION = YES;
				GCC_WARN_UNUSED_VARIABLE = YES;
				IPHONEOS_DEPLOYMENT_TARGET = 13.1;
				MTL_ENABLE_DEBUG_INFO = INCLUDE_SOURCE;
				MTL_FAST_MATH = YES;
				ONLY_ACTIVE_ARCH = YES;
				SDKROOT = iphoneos;
				SWIFT_ACTIVE_COMPILATION_CONDITIONS = DEBUG;
				SWIFT_OPTIMIZATION_LEVEL = "-Onone";
			};
			name = Debug;
		};
		ACD4C2D92379558A00F31A4A /* Release */ = {
			isa = XCBuildConfiguration;
			buildSettings = {
				ALWAYS_SEARCH_USER_PATHS = NO;
				CLANG_ANALYZER_NONNULL = YES;
				CLANG_ANALYZER_NUMBER_OBJECT_CONVERSION = YES_AGGRESSIVE;
				CLANG_CXX_LANGUAGE_STANDARD = "gnu++14";
				CLANG_CXX_LIBRARY = "libc++";
				CLANG_ENABLE_MODULES = YES;
				CLANG_ENABLE_OBJC_ARC = YES;
				CLANG_ENABLE_OBJC_WEAK = YES;
				CLANG_WARN_BLOCK_CAPTURE_AUTORELEASING = YES;
				CLANG_WARN_BOOL_CONVERSION = YES;
				CLANG_WARN_COMMA = YES;
				CLANG_WARN_CONSTANT_CONVERSION = YES;
				CLANG_WARN_DEPRECATED_OBJC_IMPLEMENTATIONS = YES;
				CLANG_WARN_DIRECT_OBJC_ISA_USAGE = YES_ERROR;
				CLANG_WARN_DOCUMENTATION_COMMENTS = YES;
				CLANG_WARN_EMPTY_BODY = YES;
				CLANG_WARN_ENUM_CONVERSION = YES;
				CLANG_WARN_INFINITE_RECURSION = YES;
				CLANG_WARN_INT_CONVERSION = YES;
				CLANG_WARN_NON_LITERAL_NULL_CONVERSION = YES;
				CLANG_WARN_OBJC_IMPLICIT_RETAIN_SELF = YES;
				CLANG_WARN_OBJC_LITERAL_CONVERSION = YES;
				CLANG_WARN_OBJC_ROOT_CLASS = YES_ERROR;
				CLANG_WARN_RANGE_LOOP_ANALYSIS = YES;
				CLANG_WARN_STRICT_PROTOTYPES = YES;
				CLANG_WARN_SUSPICIOUS_MOVE = YES;
				CLANG_WARN_UNGUARDED_AVAILABILITY = YES_AGGRESSIVE;
				CLANG_WARN_UNREACHABLE_CODE = YES;
				CLANG_WARN__DUPLICATE_METHOD_MATCH = YES;
				COPY_PHASE_STRIP = NO;
				DEBUG_INFORMATION_FORMAT = "dwarf-with-dsym";
				ENABLE_NS_ASSERTIONS = NO;
				ENABLE_STRICT_OBJC_MSGSEND = YES;
				GCC_C_LANGUAGE_STANDARD = gnu11;
				GCC_NO_COMMON_BLOCKS = YES;
				GCC_WARN_64_TO_32_BIT_CONVERSION = YES;
				GCC_WARN_ABOUT_RETURN_TYPE = YES_ERROR;
				GCC_WARN_UNDECLARED_SELECTOR = YES;
				GCC_WARN_UNINITIALIZED_AUTOS = YES_AGGRESSIVE;
				GCC_WARN_UNUSED_FUNCTION = YES;
				GCC_WARN_UNUSED_VARIABLE = YES;
				IPHONEOS_DEPLOYMENT_TARGET = 13.1;
				MTL_ENABLE_DEBUG_INFO = NO;
				MTL_FAST_MATH = YES;
				SDKROOT = iphoneos;
				SWIFT_COMPILATION_MODE = wholemodule;
				SWIFT_OPTIMIZATION_LEVEL = "-O";
				VALIDATE_PRODUCT = YES;
			};
			name = Release;
		};
		ACD4C2DB2379558A00F31A4A /* Debug */ = {
			isa = XCBuildConfiguration;
			buildSettings = {
				ASSETCATALOG_COMPILER_APPICON_NAME = AppIcon;
				CODE_SIGN_STYLE = Automatic;
				DEVELOPMENT_TEAM = T79XLB42B4;
				INFOPLIST_FILE = MovieList/Info.plist;
				LD_RUNPATH_SEARCH_PATHS = (
					"$(inherited)",
					"@executable_path/Frameworks",
				);
				PRODUCT_BUNDLE_IDENTIFIER = "-.MovieList";
				PRODUCT_NAME = "$(TARGET_NAME)";
				SWIFT_VERSION = 5.0;
				TARGETED_DEVICE_FAMILY = 1;
			};
			name = Debug;
		};
		ACD4C2DC2379558A00F31A4A /* Release */ = {
			isa = XCBuildConfiguration;
			buildSettings = {
				ASSETCATALOG_COMPILER_APPICON_NAME = AppIcon;
				CODE_SIGN_STYLE = Automatic;
				DEVELOPMENT_TEAM = T79XLB42B4;
				INFOPLIST_FILE = MovieList/Info.plist;
				LD_RUNPATH_SEARCH_PATHS = (
					"$(inherited)",
					"@executable_path/Frameworks",
				);
				PRODUCT_BUNDLE_IDENTIFIER = "-.MovieList";
				PRODUCT_NAME = "$(TARGET_NAME)";
				SWIFT_VERSION = 5.0;
				TARGETED_DEVICE_FAMILY = 1;
			};
			name = Release;
		};
/* End XCBuildConfiguration section */

/* Begin XCConfigurationList section */
		ACD4C2C12379557E00F31A4A /* Build configuration list for PBXProject "MovieList" */ = {
			isa = XCConfigurationList;
			buildConfigurations = (
				ACD4C2D82379558A00F31A4A /* Debug */,
				ACD4C2D92379558A00F31A4A /* Release */,
			);
			defaultConfigurationIsVisible = 0;
			defaultConfigurationName = Release;
		};
		ACD4C2DA2379558A00F31A4A /* Build configuration list for PBXNativeTarget "MovieList" */ = {
			isa = XCConfigurationList;
			buildConfigurations = (
				ACD4C2DB2379558A00F31A4A /* Debug */,
				ACD4C2DC2379558A00F31A4A /* Release */,
			);
			defaultConfigurationIsVisible = 0;
			defaultConfigurationName = Release;
		};
/* End XCConfigurationList section */
	};
	rootObject = ACD4C2BE2379557E00F31A4A /* Project object */;
}
